
Microsoft Visual Studio Solution File, Format Version 12.00
# Visual Studio Version 17
VisualStudioVersion = 17.14.36121.58 d17.14
MinimumVisualStudioVersion = 10.0.40219.1
Project("{FAE04EC0-301F-11D3-BF4B-00C04F79EFBC}") = "Examination System", "Examination System\Examination System.csproj", "{AD3F9924-41A6-4E56-9FB1-8F22589BA975}"
EndProject
Global
	GlobalSection(SolutionConfigurationPlatforms) = preSolution
		Debug|Any CPU = Debug|Any CPU
		Release|Any CPU = Release|Any CPU
	EndGlobalSection
	GlobalSection(ProjectConfigurationPlatforms) = postSolution
		{AD3F9924-41A6-4E56-9FB1-8F22589BA975}.Debug|Any CPU.ActiveCfg = Debug|Any CPU
		{AD3F9924-41A6-4E56-9FB1-8F22589BA975}.Debug|Any CPU.Build.0 = Debug|Any CPU
		{AD3F9924-41A6-4E56-9FB1-8F22589BA975}.Release|Any CPU.ActiveCfg = Release|Any CPU
		{AD3F9924-41A6-4E56-9FB1-8F22589BA975}.Release|Any CPU.Build.0 = Release|Any CPU
	EndGlobalSection
	GlobalSection(SolutionProperties) = preSolution
		HideSolutionNode = FALSE
	EndGlobalSection
	GlobalSection(ExtensibilityGlobals) = postSolution
		SolutionGuid = {112E37C9-A46F-4249-8C79-08B71C5BA2AF}
	EndGlobalSection
EndGlobal
